
Microsoft Visual Studio Solution File, Format Version 12.00
# Visual Studio 14
VisualStudioVersion = 14.0.23107.0
MinimumVisualStudioVersion = 10.0.40219.1
Project("{FAE04EC0-301F-11D3-BF4B-00C04F79EFBC}") = "StaticUsingSyntax", "StaticUsingSyntax\StaticUsingSyntax.csproj", "{C5F34BC1-B972-4650-9AAF-7E9CAFFB01F6}"
EndProject
Project("{FAE04EC0-301F-11D3-BF4B-00C04F79EFBC}") = "AutoPropertyInitializers", "AutoPropertyInitializers\AutoPropertyInitializers.csproj", "{A6897019-28DC-42ED-B6B3-0F03625B4178}"
EndProject
Project("{FAE04EC0-301F-11D3-BF4B-00C04F79EFBC}") = "DictionaryInitializers", "DictionaryInitializers\DictionaryInitializers.csproj", "{56E6FF9E-63EB-485B-A769-1F1A7A70A202}"
EndProject
Project("{FAE04EC0-301F-11D3-BF4B-00C04F79EFBC}") = "ExceptionFilters", "ExceptionFilters\ExceptionFilters.csproj", "{4AF83065-E63F-42C0-9AFE-BE9DC4A94F0A}"
EndProject
Global
	GlobalSection(SolutionConfigurationPlatforms) = preSolution
		Debug|Any CPU = Debug|Any CPU
		Release|Any CPU = Release|Any CPU
	EndGlobalSection
	GlobalSection(ProjectConfigurationPlatforms) = postSolution
		{C5F34BC1-B972-4650-9AAF-7E9CAFFB01F6}.Debug|Any CPU.ActiveCfg = Debug|Any CPU
		{C5F34BC1-B972-4650-9AAF-7E9CAFFB01F6}.Debug|Any CPU.Build.0 = Debug|Any CPU
		{C5F34BC1-B972-4650-9AAF-7E9CAFFB01F6}.Release|Any CPU.ActiveCfg = Release|Any CPU
		{C5F34BC1-B972-4650-9AAF-7E9CAFFB01F6}.Release|Any CPU.Build.0 = Release|Any CPU
		{A6897019-28DC-42ED-B6B3-0F03625B4178}.Debug|Any CPU.ActiveCfg = Debug|Any CPU
		{A6897019-28DC-42ED-B6B3-0F03625B4178}.Debug|Any CPU.Build.0 = Debug|Any CPU
		{A6897019-28DC-42ED-B6B3-0F03625B4178}.Release|Any CPU.ActiveCfg = Release|Any CPU
		{A6897019-28DC-42ED-B6B3-0F03625B4178}.Release|Any CPU.Build.0 = Release|Any CPU
		{56E6FF9E-63EB-485B-A769-1F1A7A70A202}.Debug|Any CPU.ActiveCfg = Debug|Any CPU
		{56E6FF9E-63EB-485B-A769-1F1A7A70A202}.Debug|Any CPU.Build.0 = Debug|Any CPU
		{56E6FF9E-63EB-485B-A769-1F1A7A70A202}.Release|Any CPU.ActiveCfg = Release|Any CPU
		{56E6FF9E-63EB-485B-A769-1F1A7A70A202}.Release|Any CPU.Build.0 = Release|Any CPU
		{4AF83065-E63F-42C0-9AFE-BE9DC4A94F0A}.Debug|Any CPU.ActiveCfg = Debug|Any CPU
		{4AF83065-E63F-42C0-9AFE-BE9DC4A94F0A}.Debug|Any CPU.Build.0 = Debug|Any CPU
		{4AF83065-E63F-42C0-9AFE-BE9DC4A94F0A}.Release|Any CPU.ActiveCfg = Release|Any CPU
		{4AF83065-E63F-42C0-9AFE-BE9DC4A94F0A}.Release|Any CPU.Build.0 = Release|Any CPU
	EndGlobalSection
	GlobalSection(SolutionProperties) = preSolution
		HideSolutionNode = FALSE
	EndGlobalSection
EndGlobal
